
Microsoft Visual Studio Solution File, Format Version 12.00
# Visual Studio Version 16
VisualStudioVersion = 16.0.31727.386
MinimumVisualStudioVersion = 10.0.40219.1
Project("{FAE04EC0-301F-11D3-BF4B-00C04F79EFBC}") = "WebApp", "WebApp\WebApp.csproj", "{E12BAC61-C402-4D36-A2C0-4DC2C5F69CA7}"
EndProject
Project("{FAE04EC0-301F-11D3-BF4B-00C04F79EFBC}") = "BD", "BD\BD.csproj", "{E57D2A00-032C-479A-9A19-81D162A2B371}"
EndProject
Project("{FAE04EC0-301F-11D3-BF4B-00C04F79EFBC}") = "Entity", "Entity\Entity.csproj", "{74CBE6EE-280A-4E61-B8C9-9AE9528A5ECD}"
EndProject
Project("{FAE04EC0-301F-11D3-BF4B-00C04F79EFBC}") = "WBL", "WBL\WBL.csproj", "{FA3EAF18-F55E-43C1-BEA2-42503CF97410}"
EndProject
Global
	GlobalSection(SolutionConfigurationPlatforms) = preSolution
		Debug|Any CPU = Debug|Any CPU
		Release|Any CPU = Release|Any CPU
	EndGlobalSection
	GlobalSection(ProjectConfigurationPlatforms) = postSolution
		{E12BAC61-C402-4D36-A2C0-4DC2C5F69CA7}.Debug|Any CPU.ActiveCfg = Debug|Any CPU
		{E12BAC61-C402-4D36-A2C0-4DC2C5F69CA7}.Debug|Any CPU.Build.0 = Debug|Any CPU
		{E12BAC61-C402-4D36-A2C0-4DC2C5F69CA7}.Release|Any CPU.ActiveCfg = Release|Any CPU
		{E12BAC61-C402-4D36-A2C0-4DC2C5F69CA7}.Release|Any CPU.Build.0 = Release|Any CPU
		{E57D2A00-032C-479A-9A19-81D162A2B371}.Debug|Any CPU.ActiveCfg = Debug|Any CPU
		{E57D2A00-032C-479A-9A19-81D162A2B371}.Debug|Any CPU.Build.0 = Debug|Any CPU
		{E57D2A00-032C-479A-9A19-81D162A2B371}.Release|Any CPU.ActiveCfg = Release|Any CPU
		{E57D2A00-032C-479A-9A19-81D162A2B371}.Release|Any CPU.Build.0 = Release|Any CPU
		{74CBE6EE-280A-4E61-B8C9-9AE9528A5ECD}.Debug|Any CPU.ActiveCfg = Debug|Any CPU
		{74CBE6EE-280A-4E61-B8C9-9AE9528A5ECD}.Debug|Any CPU.Build.0 = Debug|Any CPU
		{74CBE6EE-280A-4E61-B8C9-9AE9528A5ECD}.Release|Any CPU.ActiveCfg = Release|Any CPU
		{74CBE6EE-280A-4E61-B8C9-9AE9528A5ECD}.Release|Any CPU.Build.0 = Release|Any CPU
		{FA3EAF18-F55E-43C1-BEA2-42503CF97410}.Debug|Any CPU.ActiveCfg = Debug|Any CPU
		{FA3EAF18-F55E-43C1-BEA2-42503CF97410}.Debug|Any CPU.Build.0 = Debug|Any CPU
		{FA3EAF18-F55E-43C1-BEA2-42503CF97410}.Release|Any CPU.ActiveCfg = Release|Any CPU
		{FA3EAF18-F55E-43C1-BEA2-42503CF97410}.Release|Any CPU.Build.0 = Release|Any CPU
	EndGlobalSection
	GlobalSection(SolutionProperties) = preSolution
		HideSolutionNode = FALSE
	EndGlobalSection
	GlobalSection(ExtensibilityGlobals) = postSolution
		SolutionGuid = {1B2CFC5D-C75F-401D-9B0C-85D36F5098A4}
	EndGlobalSection
EndGlobal
